{
  "name": "liza",
  "version": "3.9.5",
  "dependencies": {
    "easejs": {
      "version": "0.2.9",
      "from": "easejs@>=0.2.0 <0.3.0",
      "resolved": "https://registry.npmjs.org/easejs/-/easejs-0.2.9.tgz"
    },
    "mongodb": {
      "version": "1.2.14",
      "from": "mongodb@1.2.14",
      "resolved": "https://registry.npmjs.org/mongodb/-/mongodb-1.2.14.tgz",
      "dependencies": {
        "bson": {
          "version": "0.1.8",
          "from": "bson@0.1.8",
          "resolved": "https://registry.npmjs.org/bson/-/bson-0.1.8.tgz"
        }
      }
    }
  }
}
